
Microsoft Visual Studio Solution File, Format Version 12.00
# Visual Studio Version 17
VisualStudioVersion = 17.10.35013.160
MinimumVisualStudioVersion = 10.0.40219.1
Project("{2150E333-8FDC-42A3-9474-1A3956D46DE8}") = "Solution Items", "Solution Items", "{160E70A1-487F-4822-A19D-80124B887BED}"
	ProjectSection(SolutionItems) = preProject
		.gitignore = .gitignore
		build.cake = build.cake
		build.ps1 = build.ps1
		build.sh = build.sh
		Directory.Build.props = Directory.Build.props
		LICENSE.md = LICENSE.md
		README.md = README.md
	EndProjectSection
EndProject
Project("{FAE04EC0-301F-11D3-BF4B-00C04F79EFBC}") = "Nutrient.dotnet.Android", "Nutrient.dotnet.Android\Nutrient.dotnet.Android.csproj", "{C6DE82B4-2C29-420C-B1D1-4AC99970B7FE}"
EndProject
Global
	GlobalSection(SolutionConfigurationPlatforms) = preSolution
		Debug|Any CPU = Debug|Any CPU
		Release|Any CPU = Release|Any CPU
	EndGlobalSection
	GlobalSection(ProjectConfigurationPlatforms) = postSolution
		{C6DE82B4-2C29-420C-B1D1-4AC99970B7FE}.Debug|Any CPU.ActiveCfg = Debug|Any CPU
		{C6DE82B4-2C29-420C-B1D1-4AC99970B7FE}.Debug|Any CPU.Build.0 = Debug|Any CPU
		{C6DE82B4-2C29-420C-B1D1-4AC99970B7FE}.Release|Any CPU.ActiveCfg = Release|Any CPU
		{C6DE82B4-2C29-420C-B1D1-4AC99970B7FE}.Release|Any CPU.Build.0 = Release|Any CPU
	EndGlobalSection
	GlobalSection(SolutionProperties) = preSolution
		HideSolutionNode = FALSE
	EndGlobalSection
	GlobalSection(ExtensibilityGlobals) = postSolution
		SolutionGuid = {13801422-B65D-4318-8004-EEFF394F5D9B}
	EndGlobalSection
EndGlobal
