Microsoft Visual Studio Solution File, Format Version 12.00
# Visual Studio Version 17
VisualStudioVersion = 17.5.2.0
MinimumVisualStudioVersion = 10.0.40219.1
Project("{FAE04EC0-301F-11D3-BF4B-00C04F79EFBC}") = "Nutrient.dotnet.Android", "Nutrient.dotnet.Android.csproj", "{7025EA73-FB6A-797F-1761-7766EF53EA21}"
EndProject
Global
	GlobalSection(SolutionConfigurationPlatforms) = preSolution
		Debug|Any CPU = Debug|Any CPU
		Release|Any CPU = Release|Any CPU
	EndGlobalSection
	GlobalSection(ProjectConfigurationPlatforms) = postSolution
		{7025EA73-FB6A-797F-1761-7766EF53EA21}.Debug|Any CPU.ActiveCfg = Debug|Any CPU
		{7025EA73-FB6A-797F-1761-7766EF53EA21}.Debug|Any CPU.Build.0 = Debug|Any CPU
		{7025EA73-FB6A-797F-1761-7766EF53EA21}.Release|Any CPU.ActiveCfg = Release|Any CPU
		{7025EA73-FB6A-797F-1761-7766EF53EA21}.Release|Any CPU.Build.0 = Release|Any CPU
	EndGlobalSection
	GlobalSection(SolutionProperties) = preSolution
		HideSolutionNode = FALSE
	EndGlobalSection
	GlobalSection(ExtensibilityGlobals) = postSolution
		SolutionGuid = {EF1266BD-A795-447B-8653-336458D0EFE2}
	EndGlobalSection
EndGlobal
